
Microsoft Visual Studio Solution File, Format Version 12.00
# Visual Studio Version 17
VisualStudioVersion = 17.3.32901.215
MinimumVisualStudioVersion = 10.0.40219.1
Project("{8BC9CEB8-8B4A-11D0-8D11-00A0C91BC942}") = "2022.09.12-Homework-1", "2022.09.12-Homework-1\2022.09.12-Homework-1.vcxproj", "{1B636BEE-692E-4668-90C5-ECD26683D3A4}"
EndProject
Project("{8BC9CEB8-8B4A-11D0-8D11-00A0C91BC942}") = "Task1", "Task1\Task1.vcxproj", "{DD00B2B2-A9F3-4B7A-A8A3-2B1F091B908C}"
EndProject
Project("{8BC9CEB8-8B4A-11D0-8D11-00A0C91BC942}") = "Task2", "Task2\Task2.vcxproj", "{BDBCF740-D49F-458A-9A7F-C576598E7050}"
EndProject
Project("{8BC9CEB8-8B4A-11D0-8D11-00A0C91BC942}") = "Task3", "Task3\Task3.vcxproj", "{7A2ADF5B-BA45-423D-BC16-38C4B1D78EF5}"
EndProject
Project("{8BC9CEB8-8B4A-11D0-8D11-00A0C91BC942}") = "Task4", "Task4\Task4.vcxproj", "{58254511-3231-48F1-8FFA-ACB480E50A7E}"
EndProject
Project("{8BC9CEB8-8B4A-11D0-8D11-00A0C91BC942}") = "Task5", "Task5\Task5.vcxproj", "{64F449AB-A48D-4300-BF90-3CFF24FD2B7E}"
EndProject
Project("{8BC9CEB8-8B4A-11D0-8D11-00A0C91BC942}") = "Task6", "Task6\Task6.vcxproj", "{732DF0D7-0926-45EF-9EA7-13CC4AF404FB}"
EndProject
Project("{8BC9CEB8-8B4A-11D0-8D11-00A0C91BC942}") = "Task7", "Task7\Task7.vcxproj", "{33DDDFB6-EE0A-4E48-B095-EF1D380D80DD}"
EndProject
Project("{8BC9CEB8-8B4A-11D0-8D11-00A0C91BC942}") = "Task8", "Task8\Task8.vcxproj", "{458D7654-B43D-4DB1-A3E2-C77EA6C75AC9}"
EndProject
Project("{8BC9CEB8-8B4A-11D0-8D11-00A0C91BC942}") = "Task9", "Task9\Task9.vcxproj", "{A3D269DE-4488-4BB2-8310-445748F33449}"
EndProject
Project("{8BC9CEB8-8B4A-11D0-8D11-00A0C91BC942}") = "Task10", "Task10\Task10.vcxproj", "{58D063B8-6CC6-415F-8E91-05CC1AB024C5}"
EndProject
Global
	GlobalSection(SolutionConfigurationPlatforms) = preSolution
		Debug|x64 = Debug|x64
		Debug|x86 = Debug|x86
		Release|x64 = Release|x64
		Release|x86 = Release|x86
	EndGlobalSection
	GlobalSection(ProjectConfigurationPlatforms) = postSolution
		{1B636BEE-692E-4668-90C5-ECD26683D3A4}.Debug|x64.ActiveCfg = Debug|x64
		{1B636BEE-692E-4668-90C5-ECD26683D3A4}.Debug|x64.Build.0 = Debug|x64
		{1B636BEE-692E-4668-90C5-ECD26683D3A4}.Debug|x86.ActiveCfg = Debug|Win32
		{1B636BEE-692E-4668-90C5-ECD26683D3A4}.Debug|x86.Build.0 = Debug|Win32
		{1B636BEE-692E-4668-90C5-ECD26683D3A4}.Release|x64.ActiveCfg = Release|x64
		{1B636BEE-692E-4668-90C5-ECD26683D3A4}.Release|x64.Build.0 = Release|x64
		{1B636BEE-692E-4668-90C5-ECD26683D3A4}.Release|x86.ActiveCfg = Release|Win32
		{1B636BEE-692E-4668-90C5-ECD26683D3A4}.Release|x86.Build.0 = Release|Win32
		{DD00B2B2-A9F3-4B7A-A8A3-2B1F091B908C}.Debug|x64.ActiveCfg = Debug|x64
		{DD00B2B2-A9F3-4B7A-A8A3-2B1F091B908C}.Debug|x64.Build.0 = Debug|x64
		{DD00B2B2-A9F3-4B7A-A8A3-2B1F091B908C}.Debug|x86.ActiveCfg = Debug|Win32
		{DD00B2B2-A9F3-4B7A-A8A3-2B1F091B908C}.Debug|x86.Build.0 = Debug|Win32
		{DD00B2B2-A9F3-4B7A-A8A3-2B1F091B908C}.Release|x64.ActiveCfg = Release|x64
		{DD00B2B2-A9F3-4B7A-A8A3-2B1F091B908C}.Release|x64.Build.0 = Release|x64
		{DD00B2B2-A9F3-4B7A-A8A3-2B1F091B908C}.Release|x86.ActiveCfg = Release|Win32
		{DD00B2B2-A9F3-4B7A-A8A3-2B1F091B908C}.Release|x86.Build.0 = Release|Win32
		{BDBCF740-D49F-458A-9A7F-C576598E7050}.Debug|x64.ActiveCfg = Debug|x64
		{BDBCF740-D49F-458A-9A7F-C576598E7050}.Debug|x64.Build.0 = Debug|x64
		{BDBCF740-D49F-458A-9A7F-C576598E7050}.Debug|x86.ActiveCfg = Debug|Win32
		{BDBCF740-D49F-458A-9A7F-C576598E7050}.Debug|x86.Build.0 = Debug|Win32
		{BDBCF740-D49F-458A-9A7F-C576598E7050}.Release|x64.ActiveCfg = Release|x64
		{BDBCF740-D49F-458A-9A7F-C576598E7050}.Release|x64.Build.0 = Release|x64
		{BDBCF740-D49F-458A-9A7F-C576598E7050}.Release|x86.ActiveCfg = Release|Win32
		{BDBCF740-D49F-458A-9A7F-C576598E7050}.Release|x86.Build.0 = Release|Win32
		{7A2ADF5B-BA45-423D-BC16-38C4B1D78EF5}.Debug|x64.ActiveCfg = Debug|x64
		{7A2ADF5B-BA45-423D-BC16-38C4B1D78EF5}.Debug|x64.Build.0 = Debug|x64
		{7A2ADF5B-BA45-423D-BC16-38C4B1D78EF5}.Debug|x86.ActiveCfg = Debug|Win32
		{7A2ADF5B-BA45-423D-BC16-38C4B1D78EF5}.Debug|x86.Build.0 = Debug|Win32
		{7A2ADF5B-BA45-423D-BC16-38C4B1D78EF5}.Release|x64.ActiveCfg = Release|x64
		{7A2ADF5B-BA45-423D-BC16-38C4B1D78EF5}.Release|x64.Build.0 = Release|x64
		{7A2ADF5B-BA45-423D-BC16-38C4B1D78EF5}.Release|x86.ActiveCfg = Release|Win32
		{7A2ADF5B-BA45-423D-BC16-38C4B1D78EF5}.Release|x86.Build.0 = Release|Win32
		{58254511-3231-48F1-8FFA-ACB480E50A7E}.Debug|x64.ActiveCfg = Debug|x64
		{58254511-3231-48F1-8FFA-ACB480E50A7E}.Debug|x64.Build.0 = Debug|x64
		{58254511-3231-48F1-8FFA-ACB480E50A7E}.Debug|x86.ActiveCfg = Debug|Win32
		{58254511-3231-48F1-8FFA-ACB480E50A7E}.Debug|x86.Build.0 = Debug|Win32
		{58254511-3231-48F1-8FFA-ACB480E50A7E}.Release|x64.ActiveCfg = Release|x64
		{58254511-3231-48F1-8FFA-ACB480E50A7E}.Release|x64.Build.0 = Release|x64
		{58254511-3231-48F1-8FFA-ACB480E50A7E}.Release|x86.ActiveCfg = Release|Win32
		{58254511-3231-48F1-8FFA-ACB480E50A7E}.Release|x86.Build.0 = Release|Win32
		{64F449AB-A48D-4300-BF90-3CFF24FD2B7E}.Debug|x64.ActiveCfg = Debug|x64
		{64F449AB-A48D-4300-BF90-3CFF24FD2B7E}.Debug|x64.Build.0 = Debug|x64
		{64F449AB-A48D-4300-BF90-3CFF24FD2B7E}.Debug|x86.ActiveCfg = Debug|Win32
		{64F449AB-A48D-4300-BF90-3CFF24FD2B7E}.Debug|x86.Build.0 = Debug|Win32
		{64F449AB-A48D-4300-BF90-3CFF24FD2B7E}.Release|x64.ActiveCfg = Release|x64
		{64F449AB-A48D-4300-BF90-3CFF24FD2B7E}.Release|x64.Build.0 = Release|x64
		{64F449AB-A48D-4300-BF90-3CFF24FD2B7E}.Release|x86.ActiveCfg = Release|Win32
		{64F449AB-A48D-4300-BF90-3CFF24FD2B7E}.Release|x86.Build.0 = Release|Win32
		{732DF0D7-0926-45EF-9EA7-13CC4AF404FB}.Debug|x64.ActiveCfg = Debug|x64
		{732DF0D7-0926-45EF-9EA7-13CC4AF404FB}.Debug|x64.Build.0 = Debug|x64
		{732DF0D7-0926-45EF-9EA7-13CC4AF404FB}.Debug|x86.ActiveCfg = Debug|Win32
		{732DF0D7-0926-45EF-9EA7-13CC4AF404FB}.Debug|x86.Build.0 = Debug|Win32
		{732DF0D7-0926-45EF-9EA7-13CC4AF404FB}.Release|x64.ActiveCfg = Release|x64
		{732DF0D7-0926-45EF-9EA7-13CC4AF404FB}.Release|x64.Build.0 = Release|x64
		{732DF0D7-0926-45EF-9EA7-13CC4AF404FB}.Release|x86.ActiveCfg = Release|Win32
		{732DF0D7-0926-45EF-9EA7-13CC4AF404FB}.Release|x86.Build.0 = Release|Win32
		{33DDDFB6-EE0A-4E48-B095-EF1D380D80DD}.Debug|x64.ActiveCfg = Debug|x64
		{33DDDFB6-EE0A-4E48-B095-EF1D380D80DD}.Debug|x64.Build.0 = Debug|x64
		{33DDDFB6-EE0A-4E48-B095-EF1D380D80DD}.Debug|x86.ActiveCfg = Debug|Win32
		{33DDDFB6-EE0A-4E48-B095-EF1D380D80DD}.Debug|x86.Build.0 = Debug|Win32
		{33DDDFB6-EE0A-4E48-B095-EF1D380D80DD}.Release|x64.ActiveCfg = Release|x64
		{33DDDFB6-EE0A-4E48-B095-EF1D380D80DD}.Release|x64.Build.0 = Release|x64
		{33DDDFB6-EE0A-4E48-B095-EF1D380D80DD}.Release|x86.ActiveCfg = Release|Win32
		{33DDDFB6-EE0A-4E48-B095-EF1D380D80DD}.Release|x86.Build.0 = Release|Win32
		{458D7654-B43D-4DB1-A3E2-C77EA6C75AC9}.Debug|x64.ActiveCfg = Debug|x64
		{458D7654-B43D-4DB1-A3E2-C77EA6C75AC9}.Debug|x64.Build.0 = Debug|x64
		{458D7654-B43D-4DB1-A3E2-C77EA6C75AC9}.Debug|x86.ActiveCfg = Debug|Win32
		{458D7654-B43D-4DB1-A3E2-C77EA6C75AC9}.Debug|x86.Build.0 = Debug|Win32
		{458D7654-B43D-4DB1-A3E2-C77EA6C75AC9}.Release|x64.ActiveCfg = Release|x64
		{458D7654-B43D-4DB1-A3E2-C77EA6C75AC9}.Release|x64.Build.0 = Release|x64
		{458D7654-B43D-4DB1-A3E2-C77EA6C75AC9}.Release|x86.ActiveCfg = Release|Win32
		{458D7654-B43D-4DB1-A3E2-C77EA6C75AC9}.Release|x86.Build.0 = Release|Win32
		{A3D269DE-4488-4BB2-8310-445748F33449}.Debug|x64.ActiveCfg = Debug|x64
		{A3D269DE-4488-4BB2-8310-445748F33449}.Debug|x64.Build.0 = Debug|x64
		{A3D269DE-4488-4BB2-8310-445748F33449}.Debug|x86.ActiveCfg = Debug|Win32
		{A3D269DE-4488-4BB2-8310-445748F33449}.Debug|x86.Build.0 = Debug|Win32
		{A3D269DE-4488-4BB2-8310-445748F33449}.Release|x64.ActiveCfg = Release|x64
		{A3D269DE-4488-4BB2-8310-445748F33449}.Release|x64.Build.0 = Release|x64
		{A3D269DE-4488-4BB2-8310-445748F33449}.Release|x86.ActiveCfg = Release|Win32
		{A3D269DE-4488-4BB2-8310-445748F33449}.Release|x86.Build.0 = Release|Win32
		{58D063B8-6CC6-415F-8E91-05CC1AB024C5}.Debug|x64.ActiveCfg = Debug|x64
		{58D063B8-6CC6-415F-8E91-05CC1AB024C5}.Debug|x64.Build.0 = Debug|x64
		{58D063B8-6CC6-415F-8E91-05CC1AB024C5}.Debug|x86.ActiveCfg = Debug|Win32
		{58D063B8-6CC6-415F-8E91-05CC1AB024C5}.Debug|x86.Build.0 = Debug|Win32
		{58D063B8-6CC6-415F-8E91-05CC1AB024C5}.Release|x64.ActiveCfg = Release|x64
		{58D063B8-6CC6-415F-8E91-05CC1AB024C5}.Release|x64.Build.0 = Release|x64
		{58D063B8-6CC6-415F-8E91-05CC1AB024C5}.Release|x86.ActiveCfg = Release|Win32
		{58D063B8-6CC6-415F-8E91-05CC1AB024C5}.Release|x86.Build.0 = Release|Win32
	EndGlobalSection
	GlobalSection(SolutionProperties) = preSolution
		HideSolutionNode = FALSE
	EndGlobalSection
	GlobalSection(ExtensibilityGlobals) = postSolution
		SolutionGuid = {734978FA-0068-426F-8D3E-E0496E47DEC3}
	EndGlobalSection
EndGlobal
