
Microsoft Visual Studio Solution File, Format Version 12.00
# Visual Studio Version 17
VisualStudioVersion = 17.2.32616.157
MinimumVisualStudioVersion = 10.0.40219.1
Project("{8BC9CEB8-8B4A-11D0-8D11-00A0C91BC942}") = "Task1", "Task1\Task1.vcxproj", "{1C114FF6-8EF0-427E-8103-05FF544ACCDF}"
EndProject
Project("{8BC9CEB8-8B4A-11D0-8D11-00A0C91BC942}") = "Task2", "Task2\Task2.vcxproj", "{D8CB099B-FFD8-4B4B-AEC1-033486FE88D6}"
EndProject
Project("{8BC9CEB8-8B4A-11D0-8D11-00A0C91BC942}") = "Task3", "Task3\Task3.vcxproj", "{9A35AC76-035E-416D-8C69-F4CFB54D465A}"
EndProject
Project("{8BC9CEB8-8B4A-11D0-8D11-00A0C91BC942}") = "Task4", "Task4\Task4.vcxproj", "{0FC00B3B-6032-4792-B5EA-CA6F8F883975}"
EndProject
Project("{8BC9CEB8-8B4A-11D0-8D11-00A0C91BC942}") = "Task5", "Task5\Task5.vcxproj", "{7DECAE8A-F021-4F47-8D08-96F6B61600B7}"
EndProject
Project("{8BC9CEB8-8B4A-11D0-8D11-00A0C91BC942}") = "Task6", "Task6\Task6.vcxproj", "{AC9D8CE3-8AA4-4F04-BDE6-94B35A8551A4}"
EndProject
Project("{8BC9CEB8-8B4A-11D0-8D11-00A0C91BC942}") = "Task7", "Task7\Task7.vcxproj", "{4A018674-E750-4057-9503-411DB34F4784}"
EndProject
Project("{8BC9CEB8-8B4A-11D0-8D11-00A0C91BC942}") = "Task8", "Task8\Task8.vcxproj", "{65061D59-2EA3-4E5C-83C4-D526D02EA0B8}"
EndProject
Project("{8BC9CEB8-8B4A-11D0-8D11-00A0C91BC942}") = "Task9", "Task9\Task9.vcxproj", "{E866F7CA-725A-4280-9825-8CC1E8AFEB77}"
EndProject
Project("{8BC9CEB8-8B4A-11D0-8D11-00A0C91BC942}") = "Task10", "Task10\Task10.vcxproj", "{A71DEAC9-9E05-4FB8-945C-0F0CF937454E}"
EndProject
Project("{8BC9CEB8-8B4A-11D0-8D11-00A0C91BC942}") = "hghhgh", "hghhgh\hghhgh.vcxproj", "{84149604-6AAB-487B-A8C6-F3194E97FE92}"
EndProject
Global
	GlobalSection(SolutionConfigurationPlatforms) = preSolution
		Debug|x64 = Debug|x64
		Debug|x86 = Debug|x86
		Release|x64 = Release|x64
		Release|x86 = Release|x86
	EndGlobalSection
	GlobalSection(ProjectConfigurationPlatforms) = postSolution
		{1C114FF6-8EF0-427E-8103-05FF544ACCDF}.Debug|x64.ActiveCfg = Debug|x64
		{1C114FF6-8EF0-427E-8103-05FF544ACCDF}.Debug|x64.Build.0 = Debug|x64
		{1C114FF6-8EF0-427E-8103-05FF544ACCDF}.Debug|x86.ActiveCfg = Debug|Win32
		{1C114FF6-8EF0-427E-8103-05FF544ACCDF}.Debug|x86.Build.0 = Debug|Win32
		{1C114FF6-8EF0-427E-8103-05FF544ACCDF}.Release|x64.ActiveCfg = Release|x64
		{1C114FF6-8EF0-427E-8103-05FF544ACCDF}.Release|x64.Build.0 = Release|x64
		{1C114FF6-8EF0-427E-8103-05FF544ACCDF}.Release|x86.ActiveCfg = Release|Win32
		{1C114FF6-8EF0-427E-8103-05FF544ACCDF}.Release|x86.Build.0 = Release|Win32
		{D8CB099B-FFD8-4B4B-AEC1-033486FE88D6}.Debug|x64.ActiveCfg = Debug|x64
		{D8CB099B-FFD8-4B4B-AEC1-033486FE88D6}.Debug|x64.Build.0 = Debug|x64
		{D8CB099B-FFD8-4B4B-AEC1-033486FE88D6}.Debug|x86.ActiveCfg = Debug|Win32
		{D8CB099B-FFD8-4B4B-AEC1-033486FE88D6}.Debug|x86.Build.0 = Debug|Win32
		{D8CB099B-FFD8-4B4B-AEC1-033486FE88D6}.Release|x64.ActiveCfg = Release|x64
		{D8CB099B-FFD8-4B4B-AEC1-033486FE88D6}.Release|x64.Build.0 = Release|x64
		{D8CB099B-FFD8-4B4B-AEC1-033486FE88D6}.Release|x86.ActiveCfg = Release|Win32
		{D8CB099B-FFD8-4B4B-AEC1-033486FE88D6}.Release|x86.Build.0 = Release|Win32
		{9A35AC76-035E-416D-8C69-F4CFB54D465A}.Debug|x64.ActiveCfg = Debug|x64
		{9A35AC76-035E-416D-8C69-F4CFB54D465A}.Debug|x64.Build.0 = Debug|x64
		{9A35AC76-035E-416D-8C69-F4CFB54D465A}.Debug|x86.ActiveCfg = Debug|Win32
		{9A35AC76-035E-416D-8C69-F4CFB54D465A}.Debug|x86.Build.0 = Debug|Win32
		{9A35AC76-035E-416D-8C69-F4CFB54D465A}.Release|x64.ActiveCfg = Release|x64
		{9A35AC76-035E-416D-8C69-F4CFB54D465A}.Release|x64.Build.0 = Release|x64
		{9A35AC76-035E-416D-8C69-F4CFB54D465A}.Release|x86.ActiveCfg = Release|Win32
		{9A35AC76-035E-416D-8C69-F4CFB54D465A}.Release|x86.Build.0 = Release|Win32
		{0FC00B3B-6032-4792-B5EA-CA6F8F883975}.Debug|x64.ActiveCfg = Debug|x64
		{0FC00B3B-6032-4792-B5EA-CA6F8F883975}.Debug|x64.Build.0 = Debug|x64
		{0FC00B3B-6032-4792-B5EA-CA6F8F883975}.Debug|x86.ActiveCfg = Debug|Win32
		{0FC00B3B-6032-4792-B5EA-CA6F8F883975}.Debug|x86.Build.0 = Debug|Win32
		{0FC00B3B-6032-4792-B5EA-CA6F8F883975}.Release|x64.ActiveCfg = Release|x64
		{0FC00B3B-6032-4792-B5EA-CA6F8F883975}.Release|x64.Build.0 = Release|x64
		{0FC00B3B-6032-4792-B5EA-CA6F8F883975}.Release|x86.ActiveCfg = Release|Win32
		{0FC00B3B-6032-4792-B5EA-CA6F8F883975}.Release|x86.Build.0 = Release|Win32
		{7DECAE8A-F021-4F47-8D08-96F6B61600B7}.Debug|x64.ActiveCfg = Debug|x64
		{7DECAE8A-F021-4F47-8D08-96F6B61600B7}.Debug|x64.Build.0 = Debug|x64
		{7DECAE8A-F021-4F47-8D08-96F6B61600B7}.Debug|x86.ActiveCfg = Debug|Win32
		{7DECAE8A-F021-4F47-8D08-96F6B61600B7}.Debug|x86.Build.0 = Debug|Win32
		{7DECAE8A-F021-4F47-8D08-96F6B61600B7}.Release|x64.ActiveCfg = Release|x64
		{7DECAE8A-F021-4F47-8D08-96F6B61600B7}.Release|x64.Build.0 = Release|x64
		{7DECAE8A-F021-4F47-8D08-96F6B61600B7}.Release|x86.ActiveCfg = Release|Win32
		{7DECAE8A-F021-4F47-8D08-96F6B61600B7}.Release|x86.Build.0 = Release|Win32
		{AC9D8CE3-8AA4-4F04-BDE6-94B35A8551A4}.Debug|x64.ActiveCfg = Debug|x64
		{AC9D8CE3-8AA4-4F04-BDE6-94B35A8551A4}.Debug|x64.Build.0 = Debug|x64
		{AC9D8CE3-8AA4-4F04-BDE6-94B35A8551A4}.Debug|x86.ActiveCfg = Debug|Win32
		{AC9D8CE3-8AA4-4F04-BDE6-94B35A8551A4}.Debug|x86.Build.0 = Debug|Win32
		{AC9D8CE3-8AA4-4F04-BDE6-94B35A8551A4}.Release|x64.ActiveCfg = Release|x64
		{AC9D8CE3-8AA4-4F04-BDE6-94B35A8551A4}.Release|x64.Build.0 = Release|x64
		{AC9D8CE3-8AA4-4F04-BDE6-94B35A8551A4}.Release|x86.ActiveCfg = Release|Win32
		{AC9D8CE3-8AA4-4F04-BDE6-94B35A8551A4}.Release|x86.Build.0 = Release|Win32
		{4A018674-E750-4057-9503-411DB34F4784}.Debug|x64.ActiveCfg = Debug|x64
		{4A018674-E750-4057-9503-411DB34F4784}.Debug|x64.Build.0 = Debug|x64
		{4A018674-E750-4057-9503-411DB34F4784}.Debug|x86.ActiveCfg = Debug|Win32
		{4A018674-E750-4057-9503-411DB34F4784}.Debug|x86.Build.0 = Debug|Win32
		{4A018674-E750-4057-9503-411DB34F4784}.Release|x64.ActiveCfg = Release|x64
		{4A018674-E750-4057-9503-411DB34F4784}.Release|x64.Build.0 = Release|x64
		{4A018674-E750-4057-9503-411DB34F4784}.Release|x86.ActiveCfg = Release|Win32
		{4A018674-E750-4057-9503-411DB34F4784}.Release|x86.Build.0 = Release|Win32
		{65061D59-2EA3-4E5C-83C4-D526D02EA0B8}.Debug|x64.ActiveCfg = Debug|x64
		{65061D59-2EA3-4E5C-83C4-D526D02EA0B8}.Debug|x64.Build.0 = Debug|x64
		{65061D59-2EA3-4E5C-83C4-D526D02EA0B8}.Debug|x86.ActiveCfg = Debug|Win32
		{65061D59-2EA3-4E5C-83C4-D526D02EA0B8}.Debug|x86.Build.0 = Debug|Win32
		{65061D59-2EA3-4E5C-83C4-D526D02EA0B8}.Release|x64.ActiveCfg = Release|x64
		{65061D59-2EA3-4E5C-83C4-D526D02EA0B8}.Release|x64.Build.0 = Release|x64
		{65061D59-2EA3-4E5C-83C4-D526D02EA0B8}.Release|x86.ActiveCfg = Release|Win32
		{65061D59-2EA3-4E5C-83C4-D526D02EA0B8}.Release|x86.Build.0 = Release|Win32
		{E866F7CA-725A-4280-9825-8CC1E8AFEB77}.Debug|x64.ActiveCfg = Debug|x64
		{E866F7CA-725A-4280-9825-8CC1E8AFEB77}.Debug|x64.Build.0 = Debug|x64
		{E866F7CA-725A-4280-9825-8CC1E8AFEB77}.Debug|x86.ActiveCfg = Debug|Win32
		{E866F7CA-725A-4280-9825-8CC1E8AFEB77}.Debug|x86.Build.0 = Debug|Win32
		{E866F7CA-725A-4280-9825-8CC1E8AFEB77}.Release|x64.ActiveCfg = Release|x64
		{E866F7CA-725A-4280-9825-8CC1E8AFEB77}.Release|x64.Build.0 = Release|x64
		{E866F7CA-725A-4280-9825-8CC1E8AFEB77}.Release|x86.ActiveCfg = Release|Win32
		{E866F7CA-725A-4280-9825-8CC1E8AFEB77}.Release|x86.Build.0 = Release|Win32
		{A71DEAC9-9E05-4FB8-945C-0F0CF937454E}.Debug|x64.ActiveCfg = Debug|x64
		{A71DEAC9-9E05-4FB8-945C-0F0CF937454E}.Debug|x64.Build.0 = Debug|x64
		{A71DEAC9-9E05-4FB8-945C-0F0CF937454E}.Debug|x86.ActiveCfg = Debug|Win32
		{A71DEAC9-9E05-4FB8-945C-0F0CF937454E}.Debug|x86.Build.0 = Debug|Win32
		{A71DEAC9-9E05-4FB8-945C-0F0CF937454E}.Release|x64.ActiveCfg = Release|x64
		{A71DEAC9-9E05-4FB8-945C-0F0CF937454E}.Release|x64.Build.0 = Release|x64
		{A71DEAC9-9E05-4FB8-945C-0F0CF937454E}.Release|x86.ActiveCfg = Release|Win32
		{A71DEAC9-9E05-4FB8-945C-0F0CF937454E}.Release|x86.Build.0 = Release|Win32
		{84149604-6AAB-487B-A8C6-F3194E97FE92}.Debug|x64.ActiveCfg = Debug|x64
		{84149604-6AAB-487B-A8C6-F3194E97FE92}.Debug|x64.Build.0 = Debug|x64
		{84149604-6AAB-487B-A8C6-F3194E97FE92}.Debug|x86.ActiveCfg = Debug|Win32
		{84149604-6AAB-487B-A8C6-F3194E97FE92}.Debug|x86.Build.0 = Debug|Win32
		{84149604-6AAB-487B-A8C6-F3194E97FE92}.Release|x64.ActiveCfg = Release|x64
		{84149604-6AAB-487B-A8C6-F3194E97FE92}.Release|x64.Build.0 = Release|x64
		{84149604-6AAB-487B-A8C6-F3194E97FE92}.Release|x86.ActiveCfg = Release|Win32
		{84149604-6AAB-487B-A8C6-F3194E97FE92}.Release|x86.Build.0 = Release|Win32
	EndGlobalSection
	GlobalSection(SolutionProperties) = preSolution
		HideSolutionNode = FALSE
	EndGlobalSection
	GlobalSection(ExtensibilityGlobals) = postSolution
		SolutionGuid = {73558CD0-770E-48BE-B5BD-48B0301A787A}
	EndGlobalSection
EndGlobal
