
Microsoft Visual Studio Solution File, Format Version 12.00
# Visual Studio Version 17
VisualStudioVersion = 17.2.32616.157
MinimumVisualStudioVersion = 10.0.40219.1
Project("{8BC9CEB8-8B4A-11D0-8D11-00A0C91BC942}") = "Task1", "Task1\Task1.vcxproj", "{D25D3578-A3DF-4CF4-B38C-F11F627B5B2B}"
EndProject
Project("{8BC9CEB8-8B4A-11D0-8D11-00A0C91BC942}") = "Task2", "Task2\Task2.vcxproj", "{B03F58DB-95F5-4570-B4AD-2FE0E7B9D432}"
EndProject
Project("{8BC9CEB8-8B4A-11D0-8D11-00A0C91BC942}") = "Task3", "Task3\Task3.vcxproj", "{43B1FCB3-6A94-4434-8A3F-044E53F67AF1}"
EndProject
Project("{8BC9CEB8-8B4A-11D0-8D11-00A0C91BC942}") = "Task4", "Task4\Task4.vcxproj", "{8FA31BC0-F56E-4087-B8FF-6C78B8A071B6}"
EndProject
Project("{8BC9CEB8-8B4A-11D0-8D11-00A0C91BC942}") = "Task5", "Task5\Task5.vcxproj", "{4F3ED63E-8453-4812-B364-C1DDD1180F58}"
EndProject
Project("{8BC9CEB8-8B4A-11D0-8D11-00A0C91BC942}") = "Task6", "Task6\Task6.vcxproj", "{E680EEFE-63ED-4B1E-A176-0B7C3D2EC5C2}"
EndProject
Project("{8BC9CEB8-8B4A-11D0-8D11-00A0C91BC942}") = "Task7", "Task7\Task7.vcxproj", "{D61F24A9-53AC-417C-A84E-A95AE5152B45}"
EndProject
Project("{8BC9CEB8-8B4A-11D0-8D11-00A0C91BC942}") = "Task8", "Task8\Task8.vcxproj", "{6961D125-3895-46A6-9BB1-62C2E340B2AF}"
EndProject
Project("{8BC9CEB8-8B4A-11D0-8D11-00A0C91BC942}") = "Task9", "Task9\Task9.vcxproj", "{BB4C4025-0B08-4BF3-B1DE-9D7DAC9BABA2}"
EndProject
Project("{8BC9CEB8-8B4A-11D0-8D11-00A0C91BC942}") = "Task10", "Task10\Task10.vcxproj", "{B1584D7C-52E7-4AF8-BC73-7703C6BF66C2}"
EndProject
Global
	GlobalSection(SolutionConfigurationPlatforms) = preSolution
		Debug|x64 = Debug|x64
		Debug|x86 = Debug|x86
		Release|x64 = Release|x64
		Release|x86 = Release|x86
	EndGlobalSection
	GlobalSection(ProjectConfigurationPlatforms) = postSolution
		{D25D3578-A3DF-4CF4-B38C-F11F627B5B2B}.Debug|x64.ActiveCfg = Debug|x64
		{D25D3578-A3DF-4CF4-B38C-F11F627B5B2B}.Debug|x64.Build.0 = Debug|x64
		{D25D3578-A3DF-4CF4-B38C-F11F627B5B2B}.Debug|x86.ActiveCfg = Debug|Win32
		{D25D3578-A3DF-4CF4-B38C-F11F627B5B2B}.Debug|x86.Build.0 = Debug|Win32
		{D25D3578-A3DF-4CF4-B38C-F11F627B5B2B}.Release|x64.ActiveCfg = Release|x64
		{D25D3578-A3DF-4CF4-B38C-F11F627B5B2B}.Release|x64.Build.0 = Release|x64
		{D25D3578-A3DF-4CF4-B38C-F11F627B5B2B}.Release|x86.ActiveCfg = Release|Win32
		{D25D3578-A3DF-4CF4-B38C-F11F627B5B2B}.Release|x86.Build.0 = Release|Win32
		{B03F58DB-95F5-4570-B4AD-2FE0E7B9D432}.Debug|x64.ActiveCfg = Debug|x64
		{B03F58DB-95F5-4570-B4AD-2FE0E7B9D432}.Debug|x64.Build.0 = Debug|x64
		{B03F58DB-95F5-4570-B4AD-2FE0E7B9D432}.Debug|x86.ActiveCfg = Debug|Win32
		{B03F58DB-95F5-4570-B4AD-2FE0E7B9D432}.Debug|x86.Build.0 = Debug|Win32
		{B03F58DB-95F5-4570-B4AD-2FE0E7B9D432}.Release|x64.ActiveCfg = Release|x64
		{B03F58DB-95F5-4570-B4AD-2FE0E7B9D432}.Release|x64.Build.0 = Release|x64
		{B03F58DB-95F5-4570-B4AD-2FE0E7B9D432}.Release|x86.ActiveCfg = Release|Win32
		{B03F58DB-95F5-4570-B4AD-2FE0E7B9D432}.Release|x86.Build.0 = Release|Win32
		{43B1FCB3-6A94-4434-8A3F-044E53F67AF1}.Debug|x64.ActiveCfg = Debug|x64
		{43B1FCB3-6A94-4434-8A3F-044E53F67AF1}.Debug|x64.Build.0 = Debug|x64
		{43B1FCB3-6A94-4434-8A3F-044E53F67AF1}.Debug|x86.ActiveCfg = Debug|Win32
		{43B1FCB3-6A94-4434-8A3F-044E53F67AF1}.Debug|x86.Build.0 = Debug|Win32
		{43B1FCB3-6A94-4434-8A3F-044E53F67AF1}.Release|x64.ActiveCfg = Release|x64
		{43B1FCB3-6A94-4434-8A3F-044E53F67AF1}.Release|x64.Build.0 = Release|x64
		{43B1FCB3-6A94-4434-8A3F-044E53F67AF1}.Release|x86.ActiveCfg = Release|Win32
		{43B1FCB3-6A94-4434-8A3F-044E53F67AF1}.Release|x86.Build.0 = Release|Win32
		{8FA31BC0-F56E-4087-B8FF-6C78B8A071B6}.Debug|x64.ActiveCfg = Debug|x64
		{8FA31BC0-F56E-4087-B8FF-6C78B8A071B6}.Debug|x64.Build.0 = Debug|x64
		{8FA31BC0-F56E-4087-B8FF-6C78B8A071B6}.Debug|x86.ActiveCfg = Debug|Win32
		{8FA31BC0-F56E-4087-B8FF-6C78B8A071B6}.Debug|x86.Build.0 = Debug|Win32
		{8FA31BC0-F56E-4087-B8FF-6C78B8A071B6}.Release|x64.ActiveCfg = Release|x64
		{8FA31BC0-F56E-4087-B8FF-6C78B8A071B6}.Release|x64.Build.0 = Release|x64
		{8FA31BC0-F56E-4087-B8FF-6C78B8A071B6}.Release|x86.ActiveCfg = Release|Win32
		{8FA31BC0-F56E-4087-B8FF-6C78B8A071B6}.Release|x86.Build.0 = Release|Win32
		{4F3ED63E-8453-4812-B364-C1DDD1180F58}.Debug|x64.ActiveCfg = Debug|x64
		{4F3ED63E-8453-4812-B364-C1DDD1180F58}.Debug|x64.Build.0 = Debug|x64
		{4F3ED63E-8453-4812-B364-C1DDD1180F58}.Debug|x86.ActiveCfg = Debug|Win32
		{4F3ED63E-8453-4812-B364-C1DDD1180F58}.Debug|x86.Build.0 = Debug|Win32
		{4F3ED63E-8453-4812-B364-C1DDD1180F58}.Release|x64.ActiveCfg = Release|x64
		{4F3ED63E-8453-4812-B364-C1DDD1180F58}.Release|x64.Build.0 = Release|x64
		{4F3ED63E-8453-4812-B364-C1DDD1180F58}.Release|x86.ActiveCfg = Release|Win32
		{4F3ED63E-8453-4812-B364-C1DDD1180F58}.Release|x86.Build.0 = Release|Win32
		{E680EEFE-63ED-4B1E-A176-0B7C3D2EC5C2}.Debug|x64.ActiveCfg = Debug|x64
		{E680EEFE-63ED-4B1E-A176-0B7C3D2EC5C2}.Debug|x64.Build.0 = Debug|x64
		{E680EEFE-63ED-4B1E-A176-0B7C3D2EC5C2}.Debug|x86.ActiveCfg = Debug|Win32
		{E680EEFE-63ED-4B1E-A176-0B7C3D2EC5C2}.Debug|x86.Build.0 = Debug|Win32
		{E680EEFE-63ED-4B1E-A176-0B7C3D2EC5C2}.Release|x64.ActiveCfg = Release|x64
		{E680EEFE-63ED-4B1E-A176-0B7C3D2EC5C2}.Release|x64.Build.0 = Release|x64
		{E680EEFE-63ED-4B1E-A176-0B7C3D2EC5C2}.Release|x86.ActiveCfg = Release|Win32
		{E680EEFE-63ED-4B1E-A176-0B7C3D2EC5C2}.Release|x86.Build.0 = Release|Win32
		{D61F24A9-53AC-417C-A84E-A95AE5152B45}.Debug|x64.ActiveCfg = Debug|x64
		{D61F24A9-53AC-417C-A84E-A95AE5152B45}.Debug|x64.Build.0 = Debug|x64
		{D61F24A9-53AC-417C-A84E-A95AE5152B45}.Debug|x86.ActiveCfg = Debug|Win32
		{D61F24A9-53AC-417C-A84E-A95AE5152B45}.Debug|x86.Build.0 = Debug|Win32
		{D61F24A9-53AC-417C-A84E-A95AE5152B45}.Release|x64.ActiveCfg = Release|x64
		{D61F24A9-53AC-417C-A84E-A95AE5152B45}.Release|x64.Build.0 = Release|x64
		{D61F24A9-53AC-417C-A84E-A95AE5152B45}.Release|x86.ActiveCfg = Release|Win32
		{D61F24A9-53AC-417C-A84E-A95AE5152B45}.Release|x86.Build.0 = Release|Win32
		{6961D125-3895-46A6-9BB1-62C2E340B2AF}.Debug|x64.ActiveCfg = Debug|x64
		{6961D125-3895-46A6-9BB1-62C2E340B2AF}.Debug|x64.Build.0 = Debug|x64
		{6961D125-3895-46A6-9BB1-62C2E340B2AF}.Debug|x86.ActiveCfg = Debug|Win32
		{6961D125-3895-46A6-9BB1-62C2E340B2AF}.Debug|x86.Build.0 = Debug|Win32
		{6961D125-3895-46A6-9BB1-62C2E340B2AF}.Release|x64.ActiveCfg = Release|x64
		{6961D125-3895-46A6-9BB1-62C2E340B2AF}.Release|x64.Build.0 = Release|x64
		{6961D125-3895-46A6-9BB1-62C2E340B2AF}.Release|x86.ActiveCfg = Release|Win32
		{6961D125-3895-46A6-9BB1-62C2E340B2AF}.Release|x86.Build.0 = Release|Win32
		{BB4C4025-0B08-4BF3-B1DE-9D7DAC9BABA2}.Debug|x64.ActiveCfg = Debug|x64
		{BB4C4025-0B08-4BF3-B1DE-9D7DAC9BABA2}.Debug|x64.Build.0 = Debug|x64
		{BB4C4025-0B08-4BF3-B1DE-9D7DAC9BABA2}.Debug|x86.ActiveCfg = Debug|Win32
		{BB4C4025-0B08-4BF3-B1DE-9D7DAC9BABA2}.Debug|x86.Build.0 = Debug|Win32
		{BB4C4025-0B08-4BF3-B1DE-9D7DAC9BABA2}.Release|x64.ActiveCfg = Release|x64
		{BB4C4025-0B08-4BF3-B1DE-9D7DAC9BABA2}.Release|x64.Build.0 = Release|x64
		{BB4C4025-0B08-4BF3-B1DE-9D7DAC9BABA2}.Release|x86.ActiveCfg = Release|Win32
		{BB4C4025-0B08-4BF3-B1DE-9D7DAC9BABA2}.Release|x86.Build.0 = Release|Win32
		{B1584D7C-52E7-4AF8-BC73-7703C6BF66C2}.Debug|x64.ActiveCfg = Debug|x64
		{B1584D7C-52E7-4AF8-BC73-7703C6BF66C2}.Debug|x64.Build.0 = Debug|x64
		{B1584D7C-52E7-4AF8-BC73-7703C6BF66C2}.Debug|x86.ActiveCfg = Debug|Win32
		{B1584D7C-52E7-4AF8-BC73-7703C6BF66C2}.Debug|x86.Build.0 = Debug|Win32
		{B1584D7C-52E7-4AF8-BC73-7703C6BF66C2}.Release|x64.ActiveCfg = Release|x64
		{B1584D7C-52E7-4AF8-BC73-7703C6BF66C2}.Release|x64.Build.0 = Release|x64
		{B1584D7C-52E7-4AF8-BC73-7703C6BF66C2}.Release|x86.ActiveCfg = Release|Win32
		{B1584D7C-52E7-4AF8-BC73-7703C6BF66C2}.Release|x86.Build.0 = Release|Win32
	EndGlobalSection
	GlobalSection(SolutionProperties) = preSolution
		HideSolutionNode = FALSE
	EndGlobalSection
	GlobalSection(ExtensibilityGlobals) = postSolution
		SolutionGuid = {ED73F44D-453D-4361-9B5F-969EC157706F}
	EndGlobalSection
EndGlobal
